// !$*UTF8*$!
{
	archiveVersion = 1;
	classes = {
	};
	objectVersion = 56;
	objects = {

/* Begin PBXBuildFile section */
		4B7531F92BAAB60400330648 /* SnapshotInARViewApp.swift in Sources */ = {isa = PBXBuildFile; fileRef = 4B7531F82BAAB60400330648 /* SnapshotInARViewApp.swift */; };
		4B7531FB2BAAB60400330648 /* ContentView.swift in Sources */ = {isa = PBXBuildFile; fileRef = 4B7531FA2BAAB60400330648 /* ContentView.swift */; };
		4B7531FD2BAAB60500330648 /* Assets.xcassets in Resources */ = {isa = PBXBuildFile; fileRef = 4B7531FC2BAAB60500330648 /* Assets.xcassets */; };
		4B7532002BAAB60500330648 /* Preview Assets.xcassets in Resources */ = {isa = PBXBuildFile; fileRef = 4B7531FF2BAAB60500330648 /* Preview Assets.xcassets */; };
		4B75320B2BAAB8A300330648 /* Peripheral.swift in Sources */ = {isa = PBXBuildFile; fileRef = 4B75320A2BAAB8A300330648 /* Peripheral.swift */; };
		4B75320D2BAAB8C500330648 /* attitudePhotoBLE.swift in Sources */ = {isa = PBXBuildFile; fileRef = 4B75320C2BAAB8C500330648 /* attitudePhotoBLE.swift */; };
		4B75320F2BAAB91100330648 /* BluetoothSettingsView.swift in Sources */ = {isa = PBXBuildFile; fileRef = 4B75320E2BAAB91100330648 /* BluetoothSettingsView.swift */; };
		4B7532112BAAB94500330648 /* SnapshotView.swift in Sources */ = {isa = PBXBuildFile; fileRef = 4B7532102BAAB94500330648 /* SnapshotView.swift */; };
		4B7532132BAAB97E00330648 /* ARViewContainer.swift in Sources */ = {isa = PBXBuildFile; fileRef = 4B7532122BAAB97E00330648 /* ARViewContainer.swift */; };
		4B7532152BAAB9B900330648 /* CustomARViewModel.swift in Sources */ = {isa = PBXBuildFile; fileRef = 4B7532142BAAB9B900330648 /* CustomARViewModel.swift */; };
		4B7532172BAABA2800330648 /* BluetoothViewModel.swift in Sources */ = {isa = PBXBuildFile; fileRef = 4B7532162BAABA2800330648 /* BluetoothViewModel.swift */; };
		4B75321A2BAABACE00330648 /* Writer.swift in Sources */ = {isa = PBXBuildFile; fileRef = 4B7532192BAABACE00330648 /* Writer.swift */; };
/* End PBXBuildFile section */

/* Begin PBXFileReference section */
		4B7531F52BAAB60400330648 /* SnapshotInARView.app */ = {isa = PBXFileReference; explicitFileType = wrapper.application; includeInIndex = 0; path = SnapshotInARView.app; sourceTree = BUILT_PRODUCTS_DIR; };
		4B7531F82BAAB60400330648 /* SnapshotInARViewApp.swift */ = {isa = PBXFileReference; lastKnownFileType = sourcecode.swift; path = SnapshotInARViewApp.swift; sourceTree = "<group>"; };
		4B7531FA2BAAB60400330648 /* ContentView.swift */ = {isa = PBXFileReference; lastKnownFileType = sourcecode.swift; path = ContentView.swift; sourceTree = "<group>"; };
		4B7531FC2BAAB60500330648 /* Assets.xcassets */ = {isa = PBXFileReference; lastKnownFileType = folder.assetcatalog; path = Assets.xcassets; sourceTree = "<group>"; };
		4B7531FF2BAAB60500330648 /* Preview Assets.xcassets */ = {isa = PBXFileReference; lastKnownFileType = folder.assetcatalog; path = "Preview Assets.xcassets"; sourceTree = "<group>"; };
		4B7532092BAAB7E000330648 /* Info.plist */ = {isa = PBXFileReference; lastKnownFileType = text.plist; path = Info.plist; sourceTree = "<group>"; };
		4B75320A2BAAB8A300330648 /* Peripheral.swift */ = {isa = PBXFileReference; lastKnownFileType = sourcecode.swift; path = Peripheral.swift; sourceTree = "<group>"; };
		4B75320C2BAAB8C500330648 /* attitudePhotoBLE.swift */ = {isa = PBXFileReference; lastKnownFileType = sourcecode.swift; path = attitudePhotoBLE.swift; sourceTree = "<group>"; };
		4B75320E2BAAB91100330648 /* BluetoothSettingsView.swift */ = {isa = PBXFileReference; lastKnownFileType = sourcecode.swift; path = BluetoothSettingsView.swift; sourceTree = "<group>"; };
		4B7532102BAAB94500330648 /* SnapshotView.swift */ = {isa = PBXFileReference; lastKnownFileType = sourcecode.swift; path = SnapshotView.swift; sourceTree = "<group>"; };
		4B7532122BAAB97E00330648 /* ARViewContainer.swift */ = {isa = PBXFileReference; lastKnownFileType = sourcecode.swift; path = ARViewContainer.swift; sourceTree = "<group>"; };
		4B7532142BAAB9B900330648 /* CustomARViewModel.swift */ = {isa = PBXFileReference; lastKnownFileType = sourcecode.swift; path = CustomARViewModel.swift; sourceTree = "<group>"; };
		4B7532162BAABA2800330648 /* BluetoothViewModel.swift */ = {isa = PBXFileReference; lastKnownFileType = sourcecode.swift; path = BluetoothViewModel.swift; sourceTree = "<group>"; };
		4B7532192BAABACE00330648 /* Writer.swift */ = {isa = PBXFileReference; lastKnownFileType = sourcecode.swift; path = Writer.swift; sourceTree = "<group>"; };
/* End PBXFileReference section */

/* Begin PBXFrameworksBuildPhase section */
		4B7531F22BAAB60400330648 /* Frameworks */ = {
			isa = PBXFrameworksBuildPhase;
			buildActionMask = 2147483647;
			files = (
			);
			runOnlyForDeploymentPostprocessing = 0;
		};
/* End PBXFrameworksBuildPhase section */

/* Begin PBXGroup section */
		4B7531EC2BAAB60400330648 = {
			isa = PBXGroup;
			children = (
				4B7531F72BAAB60400330648 /* SnapshotInARView */,
				4B7531F62BAAB60400330648 /* Products */,
			);
			sourceTree = "<group>";
		};
		4B7531F62BAAB60400330648 /* Products */ = {
			isa = PBXGroup;
			children = (
				4B7531F52BAAB60400330648 /* SnapshotInARView.app */,
			);
			name = Products;
			sourceTree = "<group>";
		};
		4B7531F72BAAB60400330648 /* SnapshotInARView */ = {
			isa = PBXGroup;
			children = (
				4B7532092BAAB7E000330648 /* Info.plist */,
				4B7531F82BAAB60400330648 /* SnapshotInARViewApp.swift */,
				4B7532062BAAB6F900330648 /* Model */,
				4B7532072BAAB70700330648 /* View */,
				4B7532082BAAB70D00330648 /* ViewModel */,
				4B7532182BAABA7900330648 /* Utility */,
				4B7531FC2BAAB60500330648 /* Assets.xcassets */,
				4B7531FE2BAAB60500330648 /* Preview Content */,
			);
			path = SnapshotInARView;
			sourceTree = "<group>";
		};
		4B7531FE2BAAB60500330648 /* Preview Content */ = {
			isa = PBXGroup;
			children = (
				4B7531FF2BAAB60500330648 /* Preview Assets.xcassets */,
			);
			path = "Preview Content";
			sourceTree = "<group>";
		};
		4B7532062BAAB6F900330648 /* Model */ = {
			isa = PBXGroup;
			children = (
				4B75320A2BAAB8A300330648 /* Peripheral.swift */,
				4B75320C2BAAB8C500330648 /* attitudePhotoBLE.swift */,
			);
			path = Model;
			sourceTree = "<group>";
		};
		4B7532072BAAB70700330648 /* View */ = {
			isa = PBXGroup;
			children = (
				4B7531FA2BAAB60400330648 /* ContentView.swift */,
				4B75320E2BAAB91100330648 /* BluetoothSettingsView.swift */,
				4B7532102BAAB94500330648 /* SnapshotView.swift */,
				4B7532122BAAB97E00330648 /* ARViewContainer.swift */,
			);
			path = View;
			sourceTree = "<group>";
		};
		4B7532082BAAB70D00330648 /* ViewModel */ = {
			isa = PBXGroup;
			children = (
				4B7532142BAAB9B900330648 /* CustomARViewModel.swift */,
				4B7532162BAABA2800330648 /* BluetoothViewModel.swift */,
			);
			path = ViewModel;
			sourceTree = "<group>";
		};
		4B7532182BAABA7900330648 /* Utility */ = {
			isa = PBXGroup;
			children = (
				4B7532192BAABACE00330648 /* Writer.swift */,
			);
			path = Utility;
			sourceTree = "<group>";
		};
/* End PBXGroup section */

/* Begin PBXNativeTarget section */
		4B7531F42BAAB60400330648 /* SnapshotInARView */ = {
			isa = PBXNativeTarget;
			buildConfigurationList = 4B7532032BAAB60500330648 /* Build configuration list for PBXNativeTarget "SnapshotInARView" */;
			buildPhases = (
				4B7531F12BAAB60400330648 /* Sources */,
				4B7531F22BAAB60400330648 /* Frameworks */,
				4B7531F32BAAB60400330648 /* Resources */,
			);
			buildRules = (
			);
			dependencies = (
			);
			name = SnapshotInARView;
			productName = SnapshotInARView;
			productReference = 4B7531F52BAAB60400330648 /* SnapshotInARView.app */;
			productType = "com.apple.product-type.application";
		};
/* End PBXNativeTarget section */

/* Begin PBXProject section */
		4B7531ED2BAAB60400330648 /* Project object */ = {
			isa = PBXProject;
			attributes = {
				BuildIndependentTargetsInParallel = 1;
				LastSwiftUpdateCheck = 1530;
				LastUpgradeCheck = 1530;
				TargetAttributes = {
					4B7531F42BAAB60400330648 = {
						CreatedOnToolsVersion = 15.3;
					};
				};
			};
			buildConfigurationList = 4B7531F02BAAB60400330648 /* Build configuration list for PBXProject "SnapshotInARView" */;
			compatibilityVersion = "Xcode 14.0";
			developmentRegion = en;
			hasScannedForEncodings = 0;
			knownRegions = (
				en,
				Base,
			);
			mainGroup = 4B7531EC2BAAB60400330648;
			productRefGroup = 4B7531F62BAAB60400330648 /* Products */;
			projectDirPath = "";
			projectRoot = "";
			targets = (
				4B7531F42BAAB60400330648 /* SnapshotInARView */,
			);
		};
/* End PBXProject section */

/* Begin PBXResourcesBuildPhase section */
		4B7531F32BAAB60400330648 /* Resources */ = {
			isa = PBXResourcesBuildPhase;
			buildActionMask = 2147483647;
			files = (
				4B7532002BAAB60500330648 /* Preview Assets.xcassets in Resources */,
				4B7531FD2BAAB60500330648 /* Assets.xcassets in Resources */,
			);
			runOnlyForDeploymentPostprocessing = 0;
		};
/* End PBXResourcesBuildPhase section */

/* Begin PBXSourcesBuildPhase section */
		4B7531F12BAAB60400330648 /* Sources */ = {
			isa = PBXSourcesBuildPhase;
			buildActionMask = 2147483647;
			files = (
				4B7532112BAAB94500330648 /* SnapshotView.swift in Sources */,
				4B7531FB2BAAB60400330648 /* ContentView.swift in Sources */,
				4B75320B2BAAB8A300330648 /* Peripheral.swift in Sources */,
				4B7532132BAAB97E00330648 /* ARViewContainer.swift in Sources */,
				4B7532152BAAB9B900330648 /* CustomARViewModel.swift in Sources */,
				4B75320D2BAAB8C500330648 /* attitudePhotoBLE.swift in Sources */,
				4B75321A2BAABACE00330648 /* Writer.swift in Sources */,
				4B7531F92BAAB60400330648 /* SnapshotInARViewApp.swift in Sources */,
				4B75320F2BAAB91100330648 /* BluetoothSettingsView.swift in Sources */,
				4B7532172BAABA2800330648 /* BluetoothViewModel.swift in Sources */,
			);
			runOnlyForDeploymentPostprocessing = 0;
		};
/* End PBXSourcesBuildPhase section */

/* Begin XCBuildConfiguration section */
		4B7532012BAAB60500330648 /* Debug */ = {
			isa = XCBuildConfiguration;
			buildSettings = {
				ALWAYS_SEARCH_USER_PATHS = NO;
				ASSETCATALOG_COMPILER_GENERATE_SWIFT_ASSET_SYMBOL_EXTENSIONS = YES;
				CLANG_ANALYZER_NONNULL = YES;
				CLANG_ANALYZER_NUMBER_OBJECT_CONVERSION = YES_AGGRESSIVE;
				CLANG_CXX_LANGUAGE_STANDARD = "gnu++20";
				CLANG_ENABLE_MODULES = YES;
				CLANG_ENABLE_OBJC_ARC = YES;
				CLANG_ENABLE_OBJC_WEAK = YES;
				CLANG_WARN_BLOCK_CAPTURE_AUTORELEASING = YES;
				CLANG_WARN_BOOL_CONVERSION = YES;
				CLANG_WARN_COMMA = YES;
				CLANG_WARN_CONSTANT_CONVERSION = YES;
				CLANG_WARN_DEPRECATED_OBJC_IMPLEMENTATIONS = YES;
				CLANG_WARN_DIRECT_OBJC_ISA_USAGE = YES_ERROR;
				CLANG_WARN_DOCUMENTATION_COMMENTS = YES;
				CLANG_WARN_EMPTY_BODY = YES;
				CLANG_WARN_ENUM_CONVERSION = YES;
				CLANG_WARN_INFINITE_RECURSION = YES;
				CLANG_WARN_INT_CONVERSION = YES;
				CLANG_WARN_NON_LITERAL_NULL_CONVERSION = YES;
				CLANG_WARN_OBJC_IMPLICIT_RETAIN_SELF = YES;
				CLANG_WARN_OBJC_LITERAL_CONVERSION = YES;
				CLANG_WARN_OBJC_ROOT_CLASS = YES_ERROR;
				CLANG_WARN_QUOTED_INCLUDE_IN_FRAMEWORK_HEADER = YES;
				CLANG_WARN_RANGE_LOOP_ANALYSIS = YES;
				CLANG_WARN_STRICT_PROTOTYPES = YES;
				CLANG_WARN_SUSPICIOUS_MOVE = YES;
				CLANG_WARN_UNGUARDED_AVAILABILITY = YES_AGGRESSIVE;
				CLANG_WARN_UNREACHABLE_CODE = YES;
				CLANG_WARN__DUPLICATE_METHOD_MATCH = YES;
				COPY_PHASE_STRIP = NO;
				DEBUG_INFORMATION_FORMAT = dwarf;
				ENABLE_STRICT_OBJC_MSGSEND = YES;
				ENABLE_TESTABILITY = YES;
				ENABLE_USER_SCRIPT_SANDBOXING = YES;
				GCC_C_LANGUAGE_STANDARD = gnu17;
				GCC_DYNAMIC_NO_PIC = NO;
				GCC_NO_COMMON_BLOCKS = YES;
				GCC_OPTIMIZATION_LEVEL = 0;
				GCC_PREPROCESSOR_DEFINITIONS = (
					"DEBUG=1",
					"$(inherited)",
				);
				GCC_WARN_64_TO_32_BIT_CONVERSION = YES;
				GCC_WARN_ABOUT_RETURN_TYPE = YES_ERROR;
				GCC_WARN_UNDECLARED_SELECTOR = YES;
				GCC_WARN_UNINITIALIZED_AUTOS = YES_AGGRESSIVE;
				GCC_WARN_UNUSED_FUNCTION = YES;
				GCC_WARN_UNUSED_VARIABLE = YES;
				IPHONEOS_DEPLOYMENT_TARGET = 17.4;
				LOCALIZATION_PREFERS_STRING_CATALOGS = YES;
				MTL_ENABLE_DEBUG_INFO = INCLUDE_SOURCE;
				MTL_FAST_MATH = YES;
				ONLY_ACTIVE_ARCH = YES;
				SDKROOT = iphoneos;
				SWIFT_ACTIVE_COMPILATION_CONDITIONS = "DEBUG $(inherited)";
				SWIFT_OPTIMIZATION_LEVEL = "-Onone";
			};
			name = Debug;
		};
		4B7532022BAAB60500330648 /* Release */ = {
			isa = XCBuildConfiguration;
			buildSettings = {
				ALWAYS_SEARCH_USER_PATHS = NO;
				ASSETCATALOG_COMPILER_GENERATE_SWIFT_ASSET_SYMBOL_EXTENSIONS = YES;
				CLANG_ANALYZER_NONNULL = YES;
				CLANG_ANALYZER_NUMBER_OBJECT_CONVERSION = YES_AGGRESSIVE;
				CLANG_CXX_LANGUAGE_STANDARD = "gnu++20";
				CLANG_ENABLE_MODULES = YES;
				CLANG_ENABLE_OBJC_ARC = YES;
				CLANG_ENABLE_OBJC_WEAK = YES;
				CLANG_WARN_BLOCK_CAPTURE_AUTORELEASING = YES;
				CLANG_WARN_BOOL_CONVERSION = YES;
				CLANG_WARN_COMMA = YES;
				CLANG_WARN_CONSTANT_CONVERSION = YES;
				CLANG_WARN_DEPRECATED_OBJC_IMPLEMENTATIONS = YES;
				CLANG_WARN_DIRECT_OBJC_ISA_USAGE = YES_ERROR;
				CLANG_WARN_DOCUMENTATION_COMMENTS = YES;
				CLANG_WARN_EMPTY_BODY = YES;
				CLANG_WARN_ENUM_CONVERSION = YES;
				CLANG_WARN_INFINITE_RECURSION = YES;
				CLANG_WARN_INT_CONVERSION = YES;
				CLANG_WARN_NON_LITERAL_NULL_CONVERSION = YES;
				CLANG_WARN_OBJC_IMPLICIT_RETAIN_SELF = YES;
				CLANG_WARN_OBJC_LITERAL_CONVERSION = YES;
				CLANG_WARN_OBJC_ROOT_CLASS = YES_ERROR;
				CLANG_WARN_QUOTED_INCLUDE_IN_FRAMEWORK_HEADER = YES;
				CLANG_WARN_RANGE_LOOP_ANALYSIS = YES;
				CLANG_WARN_STRICT_PROTOTYPES = YES;
				CLANG_WARN_SUSPICIOUS_MOVE = YES;
				CLANG_WARN_UNGUARDED_AVAILABILITY = YES_AGGRESSIVE;
				CLANG_WARN_UNREACHABLE_CODE = YES;
				CLANG_WARN__DUPLICATE_METHOD_MATCH = YES;
				COPY_PHASE_STRIP = NO;
				DEBUG_INFORMATION_FORMAT = "dwarf-with-dsym";
				ENABLE_NS_ASSERTIONS = NO;
				ENABLE_STRICT_OBJC_MSGSEND = YES;
				ENABLE_USER_SCRIPT_SANDBOXING = YES;
				GCC_C_LANGUAGE_STANDARD = gnu17;
				GCC_NO_COMMON_BLOCKS = YES;
				GCC_WARN_64_TO_32_BIT_CONVERSION = YES;
				GCC_WARN_ABOUT_RETURN_TYPE = YES_ERROR;
				GCC_WARN_UNDECLARED_SELECTOR = YES;
				GCC_WARN_UNINITIALIZED_AUTOS = YES_AGGRESSIVE;
				GCC_WARN_UNUSED_FUNCTION = YES;
				GCC_WARN_UNUSED_VARIABLE = YES;
				IPHONEOS_DEPLOYMENT_TARGET = 17.4;
				LOCALIZATION_PREFERS_STRING_CATALOGS = YES;
				MTL_ENABLE_DEBUG_INFO = NO;
				MTL_FAST_MATH = YES;
				SDKROOT = iphoneos;
				SWIFT_COMPILATION_MODE = wholemodule;
				VALIDATE_PRODUCT = YES;
			};
			name = Release;
		};
		4B7532042BAAB60500330648 /* Debug */ = {
			isa = XCBuildConfiguration;
			buildSettings = {
				ASSETCATALOG_COMPILER_APPICON_NAME = AppIcon;
				ASSETCATALOG_COMPILER_GLOBAL_ACCENT_COLOR_NAME = AccentColor;
				CODE_SIGN_STYLE = Automatic;
				CURRENT_PROJECT_VERSION = 1;
				DEVELOPMENT_ASSET_PATHS = "\"SnapshotInARView/Preview Content\"";
				DEVELOPMENT_TEAM = K23JG326GY;
				ENABLE_PREVIEWS = YES;
				GENERATE_INFOPLIST_FILE = YES;
				INFOPLIST_FILE = SnapshotInARView/Info.plist;
				INFOPLIST_KEY_LSSupportsOpeningDocumentsInPlace = YES;
				INFOPLIST_KEY_NSBluetoothAlwaysUsageDescription = "Bluetooth In Need";
				INFOPLIST_KEY_NSCameraUsageDescription = "Camera In Need";
				INFOPLIST_KEY_UIApplicationSceneManifest_Generation = YES;
				INFOPLIST_KEY_UIApplicationSupportsIndirectInputEvents = YES;
				INFOPLIST_KEY_UILaunchScreen_Generation = YES;
				INFOPLIST_KEY_UISupportedInterfaceOrientations_iPad = "UIInterfaceOrientationPortrait UIInterfaceOrientationPortraitUpsideDown UIInterfaceOrientationLandscapeLeft UIInterfaceOrientationLandscapeRight";
				INFOPLIST_KEY_UISupportedInterfaceOrientations_iPhone = "UIInterfaceOrientationPortrait UIInterfaceOrientationLandscapeLeft UIInterfaceOrientationLandscapeRight";
				IPHONEOS_DEPLOYMENT_TARGET = 17.0;
				LD_RUNPATH_SEARCH_PATHS = (
					"$(inherited)",
					"@executable_path/Frameworks",
				);
				MARKETING_VERSION = 1.0;
				PRODUCT_BUNDLE_IDENTIFIER = com.ccc.SnapshotInARView;
				PRODUCT_NAME = "$(TARGET_NAME)";
				SWIFT_EMIT_LOC_STRINGS = YES;
				SWIFT_VERSION = 5.0;
				TARGETED_DEVICE_FAMILY = "1,2";
			};
			name = Debug;
		};
		4B7532052BAAB60500330648 /* Release */ = {
			isa = XCBuildConfiguration;
			buildSettings = {
				ASSETCATALOG_COMPILER_APPICON_NAME = AppIcon;
				ASSETCATALOG_COMPILER_GLOBAL_ACCENT_COLOR_NAME = AccentColor;
				CODE_SIGN_STYLE = Automatic;
				CURRENT_PROJECT_VERSION = 1;
				DEVELOPMENT_ASSET_PATHS = "\"SnapshotInARView/Preview Content\"";
				DEVELOPMENT_TEAM = K23JG326GY;
				ENABLE_PREVIEWS = YES;
				GENERATE_INFOPLIST_FILE = YES;
				INFOPLIST_FILE = SnapshotInARView/Info.plist;
				INFOPLIST_KEY_LSSupportsOpeningDocumentsInPlace = YES;
				INFOPLIST_KEY_NSBluetoothAlwaysUsageDescription = "Bluetooth In Need";
				INFOPLIST_KEY_NSCameraUsageDescription = "Camera In Need";
				INFOPLIST_KEY_UIApplicationSceneManifest_Generation = YES;
				INFOPLIST_KEY_UIApplicationSupportsIndirectInputEvents = YES;
				INFOPLIST_KEY_UILaunchScreen_Generation = YES;
				INFOPLIST_KEY_UISupportedInterfaceOrientations_iPad = "UIInterfaceOrientationPortrait UIInterfaceOrientationPortraitUpsideDown UIInterfaceOrientationLandscapeLeft UIInterfaceOrientationLandscapeRight";
				INFOPLIST_KEY_UISupportedInterfaceOrientations_iPhone = "UIInterfaceOrientationPortrait UIInterfaceOrientationLandscapeLeft UIInterfaceOrientationLandscapeRight";
				IPHONEOS_DEPLOYMENT_TARGET = 17.0;
				LD_RUNPATH_SEARCH_PATHS = (
					"$(inherited)",
					"@executable_path/Frameworks",
				);
				MARKETING_VERSION = 1.0;
				PRODUCT_BUNDLE_IDENTIFIER = com.ccc.SnapshotInARView;
				PRODUCT_NAME = "$(TARGET_NAME)";
				SWIFT_EMIT_LOC_STRINGS = YES;
				SWIFT_VERSION = 5.0;
				TARGETED_DEVICE_FAMILY = "1,2";
			};
			name = Release;
		};
/* End XCBuildConfiguration section */

/* Begin XCConfigurationList section */
		4B7531F02BAAB60400330648 /* Build configuration list for PBXProject "SnapshotInARView" */ = {
			isa = XCConfigurationList;
			buildConfigurations = (
				4B7532012BAAB60500330648 /* Debug */,
				4B7532022BAAB60500330648 /* Release */,
			);
			defaultConfigurationIsVisible = 0;
			defaultConfigurationName = Release;
		};
		4B7532032BAAB60500330648 /* Build configuration list for PBXNativeTarget "SnapshotInARView" */ = {
			isa = XCConfigurationList;
			buildConfigurations = (
				4B7532042BAAB60500330648 /* Debug */,
				4B7532052BAAB60500330648 /* Release */,
			);
			defaultConfigurationIsVisible = 0;
			defaultConfigurationName = Release;
		};
/* End XCConfigurationList section */
	};
	rootObject = 4B7531ED2BAAB60400330648 /* Project object */;
}
